// !$*UTF8*$!
{
	archiveVersion = 1;
	classes = {
	};
	objectVersion = 55;
	objects = {

/* Begin PBXBuildFile section */
		0606CBEA283EA0FF0073B79C /* A.wav in Resources */ = {isa = PBXBuildFile; fileRef = 0606CBE3283EA0FF0073B79C /* A.wav */; };
		0606CBEB283EA0FF0073B79C /* C.wav in Resources */ = {isa = PBXBuildFile; fileRef = 0606CBE4283EA0FF0073B79C /* C.wav */; };
		0606CBEC283EA0FF0073B79C /* B.wav in Resources */ = {isa = PBXBuildFile; fileRef = 0606CBE5283EA0FF0073B79C /* B.wav */; };
		0606CBED283EA0FF0073B79C /* F.wav in Resources */ = {isa = PBXBuildFile; fileRef = 0606CBE6283EA0FF0073B79C /* F.wav */; };
		0606CBEE283EA0FF0073B79C /* G.wav in Resources */ = {isa = PBXBuildFile; fileRef = 0606CBE7283EA0FF0073B79C /* G.wav */; };
		0606CBEF283EA0FF0073B79C /* E.wav in Resources */ = {isa = PBXBuildFile; fileRef = 0606CBE8283EA0FF0073B79C /* E.wav */; };
		0606CBF0283EA0FF0073B79C /* D.wav in Resources */ = {isa = PBXBuildFile; fileRef = 0606CBE9283EA0FF0073B79C /* D.wav */; };
		068F2BE0283C27AC0058712F /* AppDelegate.swift in Sources */ = {isa = PBXBuildFile; fileRef = 068F2BDF283C27AC0058712F /* AppDelegate.swift */; };
		068F2BE2283C27AC0058712F /* SceneDelegate.swift in Sources */ = {isa = PBXBuildFile; fileRef = 068F2BE1283C27AC0058712F /* SceneDelegate.swift */; };
		068F2BE4283C27AC0058712F /* ViewController.swift in Sources */ = {isa = PBXBuildFile; fileRef = 068F2BE3283C27AC0058712F /* ViewController.swift */; };
		068F2BE7283C27AC0058712F /* Main.storyboard in Resources */ = {isa = PBXBuildFile; fileRef = 068F2BE5283C27AC0058712F /* Main.storyboard */; };
		068F2BE9283C27AE0058712F /* Assets.xcassets in Resources */ = {isa = PBXBuildFile; fileRef = 068F2BE8283C27AE0058712F /* Assets.xcassets */; };
		068F2BEC283C27AE0058712F /* LaunchScreen.storyboard in Resources */ = {isa = PBXBuildFile; fileRef = 068F2BEA283C27AE0058712F /* LaunchScreen.storyboard */; };
/* End PBXBuildFile section */

/* Begin PBXFileReference section */
		0606CBE3283EA0FF0073B79C /* A.wav */ = {isa = PBXFileReference; lastKnownFileType = audio.wav; path = A.wav; sourceTree = "<group>"; };
		0606CBE4283EA0FF0073B79C /* C.wav */ = {isa = PBXFileReference; lastKnownFileType = audio.wav; path = C.wav; sourceTree = "<group>"; };
		0606CBE5283EA0FF0073B79C /* B.wav */ = {isa = PBXFileReference; lastKnownFileType = audio.wav; path = B.wav; sourceTree = "<group>"; };
		0606CBE6283EA0FF0073B79C /* F.wav */ = {isa = PBXFileReference; lastKnownFileType = audio.wav; path = F.wav; sourceTree = "<group>"; };
		0606CBE7283EA0FF0073B79C /* G.wav */ = {isa = PBXFileReference; lastKnownFileType = audio.wav; path = G.wav; sourceTree = "<group>"; };
		0606CBE8283EA0FF0073B79C /* E.wav */ = {isa = PBXFileReference; lastKnownFileType = audio.wav; path = E.wav; sourceTree = "<group>"; };
		0606CBE9283EA0FF0073B79C /* D.wav */ = {isa = PBXFileReference; lastKnownFileType = audio.wav; path = D.wav; sourceTree = "<group>"; };
		068F2BDC283C27AC0058712F /* Xylophone.app */ = {isa = PBXFileReference; explicitFileType = wrapper.application; includeInIndex = 0; path = Xylophone.app; sourceTree = BUILT_PRODUCTS_DIR; };
		068F2BDF283C27AC0058712F /* AppDelegate.swift */ = {isa = PBXFileReference; lastKnownFileType = sourcecode.swift; path = AppDelegate.swift; sourceTree = "<group>"; };
		068F2BE1283C27AC0058712F /* SceneDelegate.swift */ = {isa = PBXFileReference; lastKnownFileType = sourcecode.swift; path = SceneDelegate.swift; sourceTree = "<group>"; };
		068F2BE3283C27AC0058712F /* ViewController.swift */ = {isa = PBXFileReference; lastKnownFileType = sourcecode.swift; path = ViewController.swift; sourceTree = "<group>"; };
		068F2BE6283C27AC0058712F /* Base */ = {isa = PBXFileReference; lastKnownFileType = file.storyboard; name = Base; path = Base.lproj/Main.storyboard; sourceTree = "<group>"; };
		068F2BE8283C27AE0058712F /* Assets.xcassets */ = {isa = PBXFileReference; lastKnownFileType = folder.assetcatalog; path = Assets.xcassets; sourceTree = "<group>"; };
		068F2BEB283C27AE0058712F /* Base */ = {isa = PBXFileReference; lastKnownFileType = file.storyboard; name = Base; path = Base.lproj/LaunchScreen.storyboard; sourceTree = "<group>"; };
		068F2BED283C27AE0058712F /* Info.plist */ = {isa = PBXFileReference; lastKnownFileType = text.plist.xml; path = Info.plist; sourceTree = "<group>"; };
/* End PBXFileReference section */

/* Begin PBXFrameworksBuildPhase section */
		068F2BD9283C27AC0058712F /* Frameworks */ = {
			isa = PBXFrameworksBuildPhase;
			buildActionMask = 2147483647;
			files = (
			);
			runOnlyForDeploymentPostprocessing = 0;
		};
/* End PBXFrameworksBuildPhase section */

/* Begin PBXGroup section */
		0606CBE2283EA0FF0073B79C /* Sounds */ = {
			isa = PBXGroup;
			children = (
				0606CBE3283EA0FF0073B79C /* A.wav */,
				0606CBE4283EA0FF0073B79C /* C.wav */,
				0606CBE5283EA0FF0073B79C /* B.wav */,
				0606CBE6283EA0FF0073B79C /* F.wav */,
				0606CBE7283EA0FF0073B79C /* G.wav */,
				0606CBE8283EA0FF0073B79C /* E.wav */,
				0606CBE9283EA0FF0073B79C /* D.wav */,
			);
			path = Sounds;
			sourceTree = "<group>";
		};
		068F2BD3283C27AC0058712F = {
			isa = PBXGroup;
			children = (
				068F2BDE283C27AC0058712F /* Xylophone */,
				068F2BDD283C27AC0058712F /* Products */,
			);
			sourceTree = "<group>";
		};
		068F2BDD283C27AC0058712F /* Products */ = {
			isa = PBXGroup;
			children = (
				068F2BDC283C27AC0058712F /* Xylophone.app */,
			);
			name = Products;
			sourceTree = "<group>";
		};
		068F2BDE283C27AC0058712F /* Xylophone */ = {
			isa = PBXGroup;
			children = (
				068F2BDF283C27AC0058712F /* AppDelegate.swift */,
				068F2BE1283C27AC0058712F /* SceneDelegate.swift */,
				068F2BE3283C27AC0058712F /* ViewController.swift */,
				068F2BE5283C27AC0058712F /* Main.storyboard */,
				068F2BE8283C27AE0058712F /* Assets.xcassets */,
				068F2BEA283C27AE0058712F /* LaunchScreen.storyboard */,
				068F2BED283C27AE0058712F /* Info.plist */,
				0606CBE2283EA0FF0073B79C /* Sounds */,
			);
			path = Xylophone;
			sourceTree = "<group>";
		};
/* End PBXGroup section */

/* Begin PBXNativeTarget section */
		068F2BDB283C27AC0058712F /* Xylophone */ = {
			isa = PBXNativeTarget;
			buildConfigurationList = 068F2BF0283C27AE0058712F /* Build configuration list for PBXNativeTarget "Xylophone" */;
			buildPhases = (
				068F2BD8283C27AC0058712F /* Sources */,
				068F2BD9283C27AC0058712F /* Frameworks */,
				068F2BDA283C27AC0058712F /* Resources */,
			);
			buildRules = (
			);
			dependencies = (
			);
			name = Xylophone;
			productName = Xylophone;
			productReference = 068F2BDC283C27AC0058712F /* Xylophone.app */;
			productType = "com.apple.product-type.application";
		};
/* End PBXNativeTarget section */

/* Begin PBXProject section */
		068F2BD4283C27AC0058712F /* Project object */ = {
			isa = PBXProject;
			attributes = {
				BuildIndependentTargetsInParallel = 1;
				LastSwiftUpdateCheck = 1340;
				LastUpgradeCheck = 1340;
				TargetAttributes = {
					068F2BDB283C27AC0058712F = {
						CreatedOnToolsVersion = 13.4;
					};
				};
			};
			buildConfigurationList = 068F2BD7283C27AC0058712F /* Build configuration list for PBXProject "Xylophone" */;
			compatibilityVersion = "Xcode 13.0";
			developmentRegion = en;
			hasScannedForEncodings = 0;
			knownRegions = (
				en,
				Base,
			);
			mainGroup = 068F2BD3283C27AC0058712F;
			productRefGroup = 068F2BDD283C27AC0058712F /* Products */;
			projectDirPath = "";
			projectRoot = "";
			targets = (
				068F2BDB283C27AC0058712F /* Xylophone */,
			);
		};
/* End PBXProject section */

/* Begin PBXResourcesBuildPhase section */
		068F2BDA283C27AC0058712F /* Resources */ = {
			isa = PBXResourcesBuildPhase;
			buildActionMask = 2147483647;
			files = (
				0606CBEE283EA0FF0073B79C /* G.wav in Resources */,
				068F2BEC283C27AE0058712F /* LaunchScreen.storyboard in Resources */,
				0606CBED283EA0FF0073B79C /* F.wav in Resources */,
				068F2BE9283C27AE0058712F /* Assets.xcassets in Resources */,
				0606CBEA283EA0FF0073B79C /* A.wav in Resources */,
				0606CBEC283EA0FF0073B79C /* B.wav in Resources */,
				0606CBEF283EA0FF0073B79C /* E.wav in Resources */,
				0606CBF0283EA0FF0073B79C /* D.wav in Resources */,
				068F2BE7283C27AC0058712F /* Main.storyboard in Resources */,
				0606CBEB283EA0FF0073B79C /* C.wav in Resources */,
			);
			runOnlyForDeploymentPostprocessing = 0;
		};
/* End PBXResourcesBuildPhase section */

/* Begin PBXSourcesBuildPhase section */
		068F2BD8283C27AC0058712F /* Sources */ = {
			isa = PBXSourcesBuildPhase;
			buildActionMask = 2147483647;
			files = (
				068F2BE4283C27AC0058712F /* ViewController.swift in Sources */,
				068F2BE0283C27AC0058712F /* AppDelegate.swift in Sources */,
				068F2BE2283C27AC0058712F /* SceneDelegate.swift in Sources */,
			);
			runOnlyForDeploymentPostprocessing = 0;
		};
/* End PBXSourcesBuildPhase section */

/* Begin PBXVariantGroup section */
		068F2BE5283C27AC0058712F /* Main.storyboard */ = {
			isa = PBXVariantGroup;
			children = (
				068F2BE6283C27AC0058712F /* Base */,
			);
			name = Main.storyboard;
			sourceTree = "<group>";
		};
		068F2BEA283C27AE0058712F /* LaunchScreen.storyboard */ = {
			isa = PBXVariantGroup;
			children = (
				068F2BEB283C27AE0058712F /* Base */,
			);
			name = LaunchScreen.storyboard;
			sourceTree = "<group>";
		};
/* End PBXVariantGroup section */

/* Begin XCBuildConfiguration section */
		068F2BEE283C27AE0058712F /* Debug */ = {
			isa = XCBuildConfiguration;
			buildSettings = {
				ALWAYS_SEARCH_USER_PATHS = NO;
				CLANG_ANALYZER_NONNULL = YES;
				CLANG_ANALYZER_NUMBER_OBJECT_CONVERSION = YES_AGGRESSIVE;
				CLANG_CXX_LANGUAGE_STANDARD = "gnu++17";
				CLANG_ENABLE_MODULES = YES;
				CLANG_ENABLE_OBJC_ARC = YES;
				CLANG_ENABLE_OBJC_WEAK = YES;
				CLANG_WARN_BLOCK_CAPTURE_AUTORELEASING = YES;
				CLANG_WARN_BOOL_CONVERSION = YES;
				CLANG_WARN_COMMA = YES;
				CLANG_WARN_CONSTANT_CONVERSION = YES;
				CLANG_WARN_DEPRECATED_OBJC_IMPLEMENTATIONS = YES;
				CLANG_WARN_DIRECT_OBJC_ISA_USAGE = YES_ERROR;
				CLANG_WARN_DOCUMENTATION_COMMENTS = YES;
				CLANG_WARN_EMPTY_BODY = YES;
				CLANG_WARN_ENUM_CONVERSION = YES;
				CLANG_WARN_INFINITE_RECURSION = YES;
				CLANG_WARN_INT_CONVERSION = YES;
				CLANG_WARN_NON_LITERAL_NULL_CONVERSION = YES;
				CLANG_WARN_OBJC_IMPLICIT_RETAIN_SELF = YES;
				CLANG_WARN_OBJC_LITERAL_CONVERSION = YES;
				CLANG_WARN_OBJC_ROOT_CLASS = YES_ERROR;
				CLANG_WARN_QUOTED_INCLUDE_IN_FRAMEWORK_HEADER = YES;
				CLANG_WARN_RANGE_LOOP_ANALYSIS = YES;
				CLANG_WARN_STRICT_PROTOTYPES = YES;
				CLANG_WARN_SUSPICIOUS_MOVE = YES;
				CLANG_WARN_UNGUARDED_AVAILABILITY = YES_AGGRESSIVE;
				CLANG_WARN_UNREACHABLE_CODE = YES;
				CLANG_WARN__DUPLICATE_METHOD_MATCH = YES;
				COPY_PHASE_STRIP = NO;
				DEBUG_INFORMATION_FORMAT = dwarf;
				ENABLE_STRICT_OBJC_MSGSEND = YES;
				ENABLE_TESTABILITY = YES;
				GCC_C_LANGUAGE_STANDARD = gnu11;
				GCC_DYNAMIC_NO_PIC = NO;
				GCC_NO_COMMON_BLOCKS = YES;
				GCC_OPTIMIZATION_LEVEL = 0;
				GCC_PREPROCESSOR_DEFINITIONS = (
					"DEBUG=1",
					"$(inherited)",
				);
				GCC_WARN_64_TO_32_BIT_CONVERSION = YES;
				GCC_WARN_ABOUT_RETURN_TYPE = YES_ERROR;
				GCC_WARN_UNDECLARED_SELECTOR = YES;
				GCC_WARN_UNINITIALIZED_AUTOS = YES_AGGRESSIVE;
				GCC_WARN_UNUSED_FUNCTION = YES;
				GCC_WARN_UNUSED_VARIABLE = YES;
				IPHONEOS_DEPLOYMENT_TARGET = 15.5;
				MTL_ENABLE_DEBUG_INFO = INCLUDE_SOURCE;
				MTL_FAST_MATH = YES;
				ONLY_ACTIVE_ARCH = YES;
				SDKROOT = iphoneos;
				SWIFT_ACTIVE_COMPILATION_CONDITIONS = DEBUG;
				SWIFT_OPTIMIZATION_LEVEL = "-Onone";
			};
			name = Debug;
		};
		068F2BEF283C27AE0058712F /* Release */ = {
			isa = XCBuildConfiguration;
			buildSettings = {
				ALWAYS_SEARCH_USER_PATHS = NO;
				CLANG_ANALYZER_NONNULL = YES;
				CLANG_ANALYZER_NUMBER_OBJECT_CONVERSION = YES_AGGRESSIVE;
				CLANG_CXX_LANGUAGE_STANDARD = "gnu++17";
				CLANG_ENABLE_MODULES = YES;
				CLANG_ENABLE_OBJC_ARC = YES;
				CLANG_ENABLE_OBJC_WEAK = YES;
				CLANG_WARN_BLOCK_CAPTURE_AUTORELEASING = YES;
				CLANG_WARN_BOOL_CONVERSION = YES;
				CLANG_WARN_COMMA = YES;
				CLANG_WARN_CONSTANT_CONVERSION = YES;
				CLANG_WARN_DEPRECATED_OBJC_IMPLEMENTATIONS = YES;
				CLANG_WARN_DIRECT_OBJC_ISA_USAGE = YES_ERROR;
				CLANG_WARN_DOCUMENTATION_COMMENTS = YES;
				CLANG_WARN_EMPTY_BODY = YES;
				CLANG_WARN_ENUM_CONVERSION = YES;
				CLANG_WARN_INFINITE_RECURSION = YES;
				CLANG_WARN_INT_CONVERSION = YES;
				CLANG_WARN_NON_LITERAL_NULL_CONVERSION = YES;
				CLANG_WARN_OBJC_IMPLICIT_RETAIN_SELF = YES;
				CLANG_WARN_OBJC_LITERAL_CONVERSION = YES;
				CLANG_WARN_OBJC_ROOT_CLASS = YES_ERROR;
				CLANG_WARN_QUOTED_INCLUDE_IN_FRAMEWORK_HEADER = YES;
				CLANG_WARN_RANGE_LOOP_ANALYSIS = YES;
				CLANG_WARN_STRICT_PROTOTYPES = YES;
				CLANG_WARN_SUSPICIOUS_MOVE = YES;
				CLANG_WARN_UNGUARDED_AVAILABILITY = YES_AGGRESSIVE;
				CLANG_WARN_UNREACHABLE_CODE = YES;
				CLANG_WARN__DUPLICATE_METHOD_MATCH = YES;
				COPY_PHASE_STRIP = NO;
				DEBUG_INFORMATION_FORMAT = "dwarf-with-dsym";
				ENABLE_NS_ASSERTIONS = NO;
				ENABLE_STRICT_OBJC_MSGSEND = YES;
				GCC_C_LANGUAGE_STANDARD = gnu11;
				GCC_NO_COMMON_BLOCKS = YES;
				GCC_WARN_64_TO_32_BIT_CONVERSION = YES;
				GCC_WARN_ABOUT_RETURN_TYPE = YES_ERROR;
				GCC_WARN_UNDECLARED_SELECTOR = YES;
				GCC_WARN_UNINITIALIZED_AUTOS = YES_AGGRESSIVE;
				GCC_WARN_UNUSED_FUNCTION = YES;
				GCC_WARN_UNUSED_VARIABLE = YES;
				IPHONEOS_DEPLOYMENT_TARGET = 15.5;
				MTL_ENABLE_DEBUG_INFO = NO;
				MTL_FAST_MATH = YES;
				SDKROOT = iphoneos;
				SWIFT_COMPILATION_MODE = wholemodule;
				SWIFT_OPTIMIZATION_LEVEL = "-O";
				VALIDATE_PRODUCT = YES;
			};
			name = Release;
		};
		068F2BF1283C27AE0058712F /* Debug */ = {
			isa = XCBuildConfiguration;
			buildSettings = {
				ASSETCATALOG_COMPILER_APPICON_NAME = AppIcon;
				ASSETCATALOG_COMPILER_GLOBAL_ACCENT_COLOR_NAME = AccentColor;
				CODE_SIGN_STYLE = Automatic;
				CURRENT_PROJECT_VERSION = 1;
				DEVELOPMENT_TEAM = VL7Y5QW4C2;
				GENERATE_INFOPLIST_FILE = YES;
				INFOPLIST_FILE = Xylophone/Info.plist;
				INFOPLIST_KEY_UIApplicationSupportsIndirectInputEvents = YES;
				INFOPLIST_KEY_UILaunchStoryboardName = LaunchScreen;
				INFOPLIST_KEY_UIMainStoryboardFile = Main;
				INFOPLIST_KEY_UISupportedInterfaceOrientations_iPad = "UIInterfaceOrientationPortrait UIInterfaceOrientationPortraitUpsideDown UIInterfaceOrientationLandscapeLeft UIInterfaceOrientationLandscapeRight";
				INFOPLIST_KEY_UISupportedInterfaceOrientations_iPhone = "UIInterfaceOrientationPortrait UIInterfaceOrientationLandscapeLeft UIInterfaceOrientationLandscapeRight";
				LD_RUNPATH_SEARCH_PATHS = (
					"$(inherited)",
					"@executable_path/Frameworks",
				);
				MARKETING_VERSION = 1.0;
				PRODUCT_BUNDLE_IDENTIFIER = com.tentenblog.Xylophone;
				PRODUCT_NAME = "$(TARGET_NAME)";
				SWIFT_EMIT_LOC_STRINGS = YES;
				SWIFT_VERSION = 5.0;
				TARGETED_DEVICE_FAMILY = "1,2";
			};
			name = Debug;
		};
		068F2BF2283C27AE0058712F /* Release */ = {
			isa = XCBuildConfiguration;
			buildSettings = {
				ASSETCATALOG_COMPILER_APPICON_NAME = AppIcon;
				ASSETCATALOG_COMPILER_GLOBAL_ACCENT_COLOR_NAME = AccentColor;
				CODE_SIGN_STYLE = Automatic;
				CURRENT_PROJECT_VERSION = 1;
				DEVELOPMENT_TEAM = VL7Y5QW4C2;
				GENERATE_INFOPLIST_FILE = YES;
				INFOPLIST_FILE = Xylophone/Info.plist;
				INFOPLIST_KEY_UIApplicationSupportsIndirectInputEvents = YES;
				INFOPLIST_KEY_UILaunchStoryboardName = LaunchScreen;
				INFOPLIST_KEY_UIMainStoryboardFile = Main;
				INFOPLIST_KEY_UISupportedInterfaceOrientations_iPad = "UIInterfaceOrientationPortrait UIInterfaceOrientationPortraitUpsideDown UIInterfaceOrientationLandscapeLeft UIInterfaceOrientationLandscapeRight";
				INFOPLIST_KEY_UISupportedInterfaceOrientations_iPhone = "UIInterfaceOrientationPortrait UIInterfaceOrientationLandscapeLeft UIInterfaceOrientationLandscapeRight";
				LD_RUNPATH_SEARCH_PATHS = (
					"$(inherited)",
					"@executable_path/Frameworks",
				);
				MARKETING_VERSION = 1.0;
				PRODUCT_BUNDLE_IDENTIFIER = com.tentenblog.Xylophone;
				PRODUCT_NAME = "$(TARGET_NAME)";
				SWIFT_EMIT_LOC_STRINGS = YES;
				SWIFT_VERSION = 5.0;
				TARGETED_DEVICE_FAMILY = "1,2";
			};
			name = Release;
		};
/* End XCBuildConfiguration section */

/* Begin XCConfigurationList section */
		068F2BD7283C27AC0058712F /* Build configuration list for PBXProject "Xylophone" */ = {
			isa = XCConfigurationList;
			buildConfigurations = (
				068F2BEE283C27AE0058712F /* Debug */,
				068F2BEF283C27AE0058712F /* Release */,
			);
			defaultConfigurationIsVisible = 0;
			defaultConfigurationName = Release;
		};
		068F2BF0283C27AE0058712F /* Build configuration list for PBXNativeTarget "Xylophone" */ = {
			isa = XCConfigurationList;
			buildConfigurations = (
				068F2BF1283C27AE0058712F /* Debug */,
				068F2BF2283C27AE0058712F /* Release */,
			);
			defaultConfigurationIsVisible = 0;
			defaultConfigurationName = Release;
		};
/* End XCConfigurationList section */
	};
	rootObject = 068F2BD4283C27AC0058712F /* Project object */;
}
